// !$*UTF8*$!
{
	archiveVersion = 1;
	classes = {
	};
	objectVersion = 46;
	objects = {

/* Begin PBXBuildFile section */
		B9764E281C1960A70073350C /* main.m in Sources */ = {isa = PBXBuildFile; fileRef = B9764E271C1960A70073350C /* main.m */; };
		B9764E2B1C1960A70073350C /* AppDelegate.m in Sources */ = {isa = PBXBuildFile; fileRef = B9764E2A1C1960A70073350C /* AppDelegate.m */; };
		B9764E2E1C1960A70073350C /* ViewController.m in Sources */ = {isa = PBXBuildFile; fileRef = B9764E2D1C1960A70073350C /* ViewController.m */; };
		B9764E311C1960A70073350C /* Main.storyboard in Resources */ = {isa = PBXBuildFile; fileRef = B9764E2F1C1960A70073350C /* Main.storyboard */; };
		B9764E331C1960A70073350C /* Assets.xcassets in Resources */ = {isa = PBXBuildFile; fileRef = B9764E321C1960A70073350C /* Assets.xcassets */; };
		B9764E361C1960A70073350C /* LaunchScreen.storyboard in Resources */ = {isa = PBXBuildFile; fileRef = B9764E341C1960A70073350C /* LaunchScreen.storyboard */; };
		B9764E401C1960F60073350C /* BaseAnimation.m in Sources */ = {isa = PBXBuildFile; fileRef = B9764E3F1C1960F60073350C /* BaseAnimation.m */; };
		B9764E461C1962740073350C /* PushAnimation.m in Sources */ = {isa = PBXBuildFile; fileRef = B9764E451C1962740073350C /* PushAnimation.m */; };
		B9764E491C19628A0073350C /* PopAnimation.m in Sources */ = {isa = PBXBuildFile; fileRef = B9764E481C19628A0073350C /* PopAnimation.m */; };
		B9764E4D1C1970920073350C /* FirstController.m in Sources */ = {isa = PBXBuildFile; fileRef = B9764E4B1C1970920073350C /* FirstController.m */; };
		B9764E4E1C1970920073350C /* FirstController.xib in Resources */ = {isa = PBXBuildFile; fileRef = B9764E4C1C1970920073350C /* FirstController.xib */; };
		B9764E521C19730B0073350C /* BaseNavigationController.m in Sources */ = {isa = PBXBuildFile; fileRef = B9764E511C19730B0073350C /* BaseNavigationController.m */; };
		B98E15411C1AA726001AD75C /* VVBaseNavigationController.m in Sources */ = {isa = PBXBuildFile; fileRef = B98E15401C1AA726001AD75C /* VVBaseNavigationController.m */; };
		B98E15451C1AB372001AD75C /* TwoViewController.m in Sources */ = {isa = PBXBuildFile; fileRef = B98E15431C1AB372001AD75C /* TwoViewController.m */; };
		B98E15461C1AB372001AD75C /* TwoViewController.xib in Resources */ = {isa = PBXBuildFile; fileRef = B98E15441C1AB372001AD75C /* TwoViewController.xib */; };
/* End PBXBuildFile section */

/* Begin PBXFileReference section */
		B9764E231C1960A70073350C /* custom_transition.app */ = {isa = PBXFileReference; explicitFileType = wrapper.application; includeInIndex = 0; path = custom_transition.app; sourceTree = BUILT_PRODUCTS_DIR; };
		B9764E271C1960A70073350C /* main.m */ = {isa = PBXFileReference; lastKnownFileType = sourcecode.c.objc; path = main.m; sourceTree = "<group>"; };
		B9764E291C1960A70073350C /* AppDelegate.h */ = {isa = PBXFileReference; lastKnownFileType = sourcecode.c.h; path = AppDelegate.h; sourceTree = "<group>"; };
		B9764E2A1C1960A70073350C /* AppDelegate.m */ = {isa = PBXFileReference; lastKnownFileType = sourcecode.c.objc; path = AppDelegate.m; sourceTree = "<group>"; };
		B9764E2C1C1960A70073350C /* ViewController.h */ = {isa = PBXFileReference; lastKnownFileType = sourcecode.c.h; path = ViewController.h; sourceTree = "<group>"; };
		B9764E2D1C1960A70073350C /* ViewController.m */ = {isa = PBXFileReference; lastKnownFileType = sourcecode.c.objc; path = ViewController.m; sourceTree = "<group>"; };
		B9764E301C1960A70073350C /* Base */ = {isa = PBXFileReference; lastKnownFileType = file.storyboard; name = Base; path = Base.lproj/Main.storyboard; sourceTree = "<group>"; };
		B9764E321C1960A70073350C /* Assets.xcassets */ = {isa = PBXFileReference; lastKnownFileType = folder.assetcatalog; path = Assets.xcassets; sourceTree = "<group>"; };
		B9764E351C1960A70073350C /* Base */ = {isa = PBXFileReference; lastKnownFileType = file.storyboard; name = Base; path = Base.lproj/LaunchScreen.storyboard; sourceTree = "<group>"; };
		B9764E371C1960A70073350C /* Info.plist */ = {isa = PBXFileReference; lastKnownFileType = text.plist.xml; path = Info.plist; sourceTree = "<group>"; };
		B9764E3E1C1960F60073350C /* BaseAnimation.h */ = {isa = PBXFileReference; fileEncoding = 4; lastKnownFileType = sourcecode.c.h; path = BaseAnimation.h; sourceTree = "<group>"; };
		B9764E3F1C1960F60073350C /* BaseAnimation.m */ = {isa = PBXFileReference; fileEncoding = 4; lastKnownFileType = sourcecode.c.objc; path = BaseAnimation.m; sourceTree = "<group>"; };
		B9764E441C1962740073350C /* PushAnimation.h */ = {isa = PBXFileReference; fileEncoding = 4; lastKnownFileType = sourcecode.c.h; path = PushAnimation.h; sourceTree = "<group>"; };
		B9764E451C1962740073350C /* PushAnimation.m */ = {isa = PBXFileReference; fileEncoding = 4; lastKnownFileType = sourcecode.c.objc; path = PushAnimation.m; sourceTree = "<group>"; };
		B9764E471C19628A0073350C /* PopAnimation.h */ = {isa = PBXFileReference; fileEncoding = 4; lastKnownFileType = sourcecode.c.h; path = PopAnimation.h; sourceTree = "<group>"; };
		B9764E481C19628A0073350C /* PopAnimation.m */ = {isa = PBXFileReference; fileEncoding = 4; lastKnownFileType = sourcecode.c.objc; path = PopAnimation.m; sourceTree = "<group>"; };
		B9764E4A1C1970920073350C /* FirstController.h */ = {isa = PBXFileReference; fileEncoding = 4; lastKnownFileType = sourcecode.c.h; path = FirstController.h; sourceTree = "<group>"; };
		B9764E4B1C1970920073350C /* FirstController.m */ = {isa = PBXFileReference; fileEncoding = 4; lastKnownFileType = sourcecode.c.objc; path = FirstController.m; sourceTree = "<group>"; };
		B9764E4C1C1970920073350C /* FirstController.xib */ = {isa = PBXFileReference; fileEncoding = 4; lastKnownFileType = file.xib; path = FirstController.xib; sourceTree = "<group>"; };
		B9764E501C19730B0073350C /* BaseNavigationController.h */ = {isa = PBXFileReference; fileEncoding = 4; lastKnownFileType = sourcecode.c.h; path = BaseNavigationController.h; sourceTree = "<group>"; };
		B9764E511C19730B0073350C /* BaseNavigationController.m */ = {isa = PBXFileReference; fileEncoding = 4; lastKnownFileType = sourcecode.c.objc; path = BaseNavigationController.m; sourceTree = "<group>"; };
		B98E153F1C1AA726001AD75C /* VVBaseNavigationController.h */ = {isa = PBXFileReference; fileEncoding = 4; lastKnownFileType = sourcecode.c.h; path = VVBaseNavigationController.h; sourceTree = "<group>"; };
		B98E15401C1AA726001AD75C /* VVBaseNavigationController.m */ = {isa = PBXFileReference; fileEncoding = 4; lastKnownFileType = sourcecode.c.objc; path = VVBaseNavigationController.m; sourceTree = "<group>"; };
		B98E15421C1AB372001AD75C /* TwoViewController.h */ = {isa = PBXFileReference; fileEncoding = 4; lastKnownFileType = sourcecode.c.h; path = TwoViewController.h; sourceTree = "<group>"; };
		B98E15431C1AB372001AD75C /* TwoViewController.m */ = {isa = PBXFileReference; fileEncoding = 4; lastKnownFileType = sourcecode.c.objc; path = TwoViewController.m; sourceTree = "<group>"; };
		B98E15441C1AB372001AD75C /* TwoViewController.xib */ = {isa = PBXFileReference; fileEncoding = 4; lastKnownFileType = file.xib; path = TwoViewController.xib; sourceTree = "<group>"; };
/* End PBXFileReference section */

/* Begin PBXFrameworksBuildPhase section */
		B9764E201C1960A70073350C /* Frameworks */ = {
			isa = PBXFrameworksBuildPhase;
			buildActionMask = 2147483647;
			files = (
			);
			runOnlyForDeploymentPostprocessing = 0;
		};
/* End PBXFrameworksBuildPhase section */

/* Begin PBXGroup section */
		B9764E1A1C1960A70073350C = {
			isa = PBXGroup;
			children = (
				B9764E251C1960A70073350C /* custom_transition */,
				B9764E241C1960A70073350C /* Products */,
			);
			sourceTree = "<group>";
		};
		B9764E241C1960A70073350C /* Products */ = {
			isa = PBXGroup;
			children = (
				B9764E231C1960A70073350C /* custom_transition.app */,
			);
			name = Products;
			sourceTree = "<group>";
		};
		B9764E251C1960A70073350C /* custom_transition */ = {
			isa = PBXGroup;
			children = (
				B98E153E1C1AA6F0001AD75C /* NavTransition */,
				B9764E3D1C1960C30073350C /* Animations */,
				B9764E291C1960A70073350C /* AppDelegate.h */,
				B9764E2A1C1960A70073350C /* AppDelegate.m */,
				B9764E501C19730B0073350C /* BaseNavigationController.h */,
				B9764E511C19730B0073350C /* BaseNavigationController.m */,
				B9764E2C1C1960A70073350C /* ViewController.h */,
				B9764E2D1C1960A70073350C /* ViewController.m */,
				B9764E2F1C1960A70073350C /* Main.storyboard */,
				B9764E321C1960A70073350C /* Assets.xcassets */,
				B9764E4A1C1970920073350C /* FirstController.h */,
				B9764E4B1C1970920073350C /* FirstController.m */,
				B9764E4C1C1970920073350C /* FirstController.xib */,
				B98E15421C1AB372001AD75C /* TwoViewController.h */,
				B98E15431C1AB372001AD75C /* TwoViewController.m */,
				B98E15441C1AB372001AD75C /* TwoViewController.xib */,
				B9764E341C1960A70073350C /* LaunchScreen.storyboard */,
				B9764E371C1960A70073350C /* Info.plist */,
				B9764E261C1960A70073350C /* Supporting Files */,
			);
			path = custom_transition;
			sourceTree = "<group>";
		};
		B9764E261C1960A70073350C /* Supporting Files */ = {
			isa = PBXGroup;
			children = (
				B9764E271C1960A70073350C /* main.m */,
			);
			name = "Supporting Files";
			sourceTree = "<group>";
		};
		B9764E3D1C1960C30073350C /* Animations */ = {
			isa = PBXGroup;
			children = (
				B9764E3E1C1960F60073350C /* BaseAnimation.h */,
				B9764E3F1C1960F60073350C /* BaseAnimation.m */,
				B9764E441C1962740073350C /* PushAnimation.h */,
				B9764E451C1962740073350C /* PushAnimation.m */,
				B9764E471C19628A0073350C /* PopAnimation.h */,
				B9764E481C19628A0073350C /* PopAnimation.m */,
			);
			name = Animations;
			sourceTree = "<group>";
		};
		B98E153E1C1AA6F0001AD75C /* NavTransition */ = {
			isa = PBXGroup;
			children = (
				B98E153F1C1AA726001AD75C /* VVBaseNavigationController.h */,
				B98E15401C1AA726001AD75C /* VVBaseNavigationController.m */,
			);
			name = NavTransition;
			sourceTree = "<group>";
		};
/* End PBXGroup section */

/* Begin PBXNativeTarget section */
		B9764E221C1960A70073350C /* custom_transition */ = {
			isa = PBXNativeTarget;
			buildConfigurationList = B9764E3A1C1960A70073350C /* Build configuration list for PBXNativeTarget "custom_transition" */;
			buildPhases = (
				B9764E1F1C1960A70073350C /* Sources */,
				B9764E201C1960A70073350C /* Frameworks */,
				B9764E211C1960A70073350C /* Resources */,
			);
			buildRules = (
			);
			dependencies = (
			);
			name = custom_transition;
			productName = custom_transition;
			productReference = B9764E231C1960A70073350C /* custom_transition.app */;
			productType = "com.apple.product-type.application";
		};
/* End PBXNativeTarget section */

/* Begin PBXProject section */
		B9764E1B1C1960A70073350C /* Project object */ = {
			isa = PBXProject;
			attributes = {
				LastUpgradeCheck = 0710;
				ORGANIZATIONNAME = ghostpf;
				TargetAttributes = {
					B9764E221C1960A70073350C = {
						CreatedOnToolsVersion = 7.1;
						DevelopmentTeam = 4RV689UGY8;
					};
				};
			};
			buildConfigurationList = B9764E1E1C1960A70073350C /* Build configuration list for PBXProject "custom_transition" */;
			compatibilityVersion = "Xcode 3.2";
			developmentRegion = English;
			hasScannedForEncodings = 0;
			knownRegions = (
				en,
				Base,
			);
			mainGroup = B9764E1A1C1960A70073350C;
			productRefGroup = B9764E241C1960A70073350C /* Products */;
			projectDirPath = "";
			projectRoot = "";
			targets = (
				B9764E221C1960A70073350C /* custom_transition */,
			);
		};
/* End PBXProject section */

/* Begin PBXResourcesBuildPhase section */
		B9764E211C1960A70073350C /* Resources */ = {
			isa = PBXResourcesBuildPhase;
			buildActionMask = 2147483647;
			files = (
				B9764E4E1C1970920073350C /* FirstController.xib in Resources */,
				B9764E361C1960A70073350C /* LaunchScreen.storyboard in Resources */,
				B9764E331C1960A70073350C /* Assets.xcassets in Resources */,
				B98E15461C1AB372001AD75C /* TwoViewController.xib in Resources */,
				B9764E311C1960A70073350C /* Main.storyboard in Resources */,
			);
			runOnlyForDeploymentPostprocessing = 0;
		};
/* End PBXResourcesBuildPhase section */

/* Begin PBXSourcesBuildPhase section */
		B9764E1F1C1960A70073350C /* Sources */ = {
			isa = PBXSourcesBuildPhase;
			buildActionMask = 2147483647;
			files = (
				B9764E461C1962740073350C /* PushAnimation.m in Sources */,
				B98E15411C1AA726001AD75C /* VVBaseNavigationController.m in Sources */,
				B9764E2E1C1960A70073350C /* ViewController.m in Sources */,
				B98E15451C1AB372001AD75C /* TwoViewController.m in Sources */,
				B9764E491C19628A0073350C /* PopAnimation.m in Sources */,
				B9764E4D1C1970920073350C /* FirstController.m in Sources */,
				B9764E521C19730B0073350C /* BaseNavigationController.m in Sources */,
				B9764E401C1960F60073350C /* BaseAnimation.m in Sources */,
				B9764E2B1C1960A70073350C /* AppDelegate.m in Sources */,
				B9764E281C1960A70073350C /* main.m in Sources */,
			);
			runOnlyForDeploymentPostprocessing = 0;
		};
/* End PBXSourcesBuildPhase section */

/* Begin PBXVariantGroup section */
		B9764E2F1C1960A70073350C /* Main.storyboard */ = {
			isa = PBXVariantGroup;
			children = (
				B9764E301C1960A70073350C /* Base */,
			);
			name = Main.storyboard;
			sourceTree = "<group>";
		};
		B9764E341C1960A70073350C /* LaunchScreen.storyboard */ = {
			isa = PBXVariantGroup;
			children = (
				B9764E351C1960A70073350C /* Base */,
			);
			name = LaunchScreen.storyboard;
			sourceTree = "<group>";
		};
/* End PBXVariantGroup section */

/* Begin XCBuildConfiguration section */
		B9764E381C1960A70073350C /* Debug */ = {
			isa = XCBuildConfiguration;
			buildSettings = {
				ALWAYS_SEARCH_USER_PATHS = NO;
				CLANG_CXX_LANGUAGE_STANDARD = "gnu++0x";
				CLANG_CXX_LIBRARY = "libc++";
				CLANG_ENABLE_MODULES = YES;
				CLANG_ENABLE_OBJC_ARC = YES;
				CLANG_WARN_BOOL_CONVERSION = YES;
				CLANG_WARN_CONSTANT_CONVERSION = YES;
				CLANG_WARN_DIRECT_OBJC_ISA_USAGE = YES_ERROR;
				CLANG_WARN_EMPTY_BODY = YES;
				CLANG_WARN_ENUM_CONVERSION = YES;
				CLANG_WARN_INT_CONVERSION = YES;
				CLANG_WARN_OBJC_ROOT_CLASS = YES_ERROR;
				CLANG_WARN_UNREACHABLE_CODE = YES;
				CLANG_WARN__DUPLICATE_METHOD_MATCH = YES;
				"CODE_SIGN_IDENTITY[sdk=iphoneos*]" = "iPhone Developer";
				COPY_PHASE_STRIP = NO;
				DEBUG_INFORMATION_FORMAT = dwarf;
				ENABLE_STRICT_OBJC_MSGSEND = YES;
				ENABLE_TESTABILITY = YES;
				GCC_C_LANGUAGE_STANDARD = gnu99;
				GCC_DYNAMIC_NO_PIC = NO;
				GCC_NO_COMMON_BLOCKS = YES;
				GCC_OPTIMIZATION_LEVEL = 0;
				GCC_PREPROCESSOR_DEFINITIONS = (
					"DEBUG=1",
					"$(inherited)",
				);
				GCC_WARN_64_TO_32_BIT_CONVERSION = YES;
				GCC_WARN_ABOUT_RETURN_TYPE = YES_ERROR;
				GCC_WARN_UNDECLARED_SELECTOR = YES;
				GCC_WARN_UNINITIALIZED_AUTOS = YES_AGGRESSIVE;
				GCC_WARN_UNUSED_FUNCTION = YES;
				GCC_WARN_UNUSED_VARIABLE = YES;
				IPHONEOS_DEPLOYMENT_TARGET = 9.1;
				MTL_ENABLE_DEBUG_INFO = YES;
				ONLY_ACTIVE_ARCH = YES;
				SDKROOT = iphoneos;
			};
			name = Debug;
		};
		B9764E391C1960A70073350C /* Release */ = {
			isa = XCBuildConfiguration;
			buildSettings = {
				ALWAYS_SEARCH_USER_PATHS = NO;
				CLANG_CXX_LANGUAGE_STANDARD = "gnu++0x";
				CLANG_CXX_LIBRARY = "libc++";
				CLANG_ENABLE_MODULES = YES;
				CLANG_ENABLE_OBJC_ARC = YES;
				CLANG_WARN_BOOL_CONVERSION = YES;
				CLANG_WARN_CONSTANT_CONVERSION = YES;
				CLANG_WARN_DIRECT_OBJC_ISA_USAGE = YES_ERROR;
				CLANG_WARN_EMPTY_BODY = YES;
				CLANG_WARN_ENUM_CONVERSION = YES;
				CLANG_WARN_INT_CONVERSION = YES;
				CLANG_WARN_OBJC_ROOT_CLASS = YES_ERROR;
				CLANG_WARN_UNREACHABLE_CODE = YES;
				CLANG_WARN__DUPLICATE_METHOD_MATCH = YES;
				"CODE_SIGN_IDENTITY[sdk=iphoneos*]" = "iPhone Developer";
				COPY_PHASE_STRIP = NO;
				DEBUG_INFORMATION_FORMAT = "dwarf-with-dsym";
				ENABLE_NS_ASSERTIONS = NO;
				ENABLE_STRICT_OBJC_MSGSEND = YES;
				GCC_C_LANGUAGE_STANDARD = gnu99;
				GCC_NO_COMMON_BLOCKS = YES;
				GCC_WARN_64_TO_32_BIT_CONVERSION = YES;
				GCC_WARN_ABOUT_RETURN_TYPE = YES_ERROR;
				GCC_WARN_UNDECLARED_SELECTOR = YES;
				GCC_WARN_UNINITIALIZED_AUTOS = YES_AGGRESSIVE;
				GCC_WARN_UNUSED_FUNCTION = YES;
				GCC_WARN_UNUSED_VARIABLE = YES;
				IPHONEOS_DEPLOYMENT_TARGET = 9.1;
				MTL_ENABLE_DEBUG_INFO = NO;
				SDKROOT = iphoneos;
				VALIDATE_PRODUCT = YES;
			};
			name = Release;
		};
		B9764E3B1C1960A70073350C /* Debug */ = {
			isa = XCBuildConfiguration;
			buildSettings = {
				ASSETCATALOG_COMPILER_APPICON_NAME = AppIcon;
				CLANG_ENABLE_MODULES = YES;
				CODE_SIGN_IDENTITY = "iPhone Developer";
				INFOPLIST_FILE = custom_transition/Info.plist;
				IPHONEOS_DEPLOYMENT_TARGET = 7.0;
				LD_RUNPATH_SEARCH_PATHS = "$(inherited) @executable_path/Frameworks";
				PRODUCT_BUNDLE_IDENTIFIER = "com.demo.custom-transition";
				PRODUCT_NAME = "$(TARGET_NAME)";
				SWIFT_OBJC_BRIDGING_HEADER = "custom_transition/custom_transition-Bridging-Header.h";
				SWIFT_OPTIMIZATION_LEVEL = "-Onone";
			};
			name = Debug;
		};
		B9764E3C1C1960A70073350C /* Release */ = {
			isa = XCBuildConfiguration;
			buildSettings = {
				ASSETCATALOG_COMPILER_APPICON_NAME = AppIcon;
				CLANG_ENABLE_MODULES = YES;
				CODE_SIGN_IDENTITY = "iPhone Developer";
				INFOPLIST_FILE = custom_transition/Info.plist;
				IPHONEOS_DEPLOYMENT_TARGET = 7.0;
				LD_RUNPATH_SEARCH_PATHS = "$(inherited) @executable_path/Frameworks";
				PRODUCT_BUNDLE_IDENTIFIER = "com.demo.custom-transition";
				PRODUCT_NAME = "$(TARGET_NAME)";
				SWIFT_OBJC_BRIDGING_HEADER = "custom_transition/custom_transition-Bridging-Header.h";
			};
			name = Release;
		};
/* End XCBuildConfiguration section */

/* Begin XCConfigurationList section */
		B9764E1E1C1960A70073350C /* Build configuration list for PBXProject "custom_transition" */ = {
			isa = XCConfigurationList;
			buildConfigurations = (
				B9764E381C1960A70073350C /* Debug */,
				B9764E391C1960A70073350C /* Release */,
			);
			defaultConfigurationIsVisible = 0;
			defaultConfigurationName = Release;
		};
		B9764E3A1C1960A70073350C /* Build configuration list for PBXNativeTarget "custom_transition" */ = {
			isa = XCConfigurationList;
			buildConfigurations = (
				B9764E3B1C1960A70073350C /* Debug */,
				B9764E3C1C1960A70073350C /* Release */,
			);
			defaultConfigurationIsVisible = 0;
			defaultConfigurationName = Release;
		};
/* End XCConfigurationList section */
	};
	rootObject = B9764E1B1C1960A70073350C /* Project object */;
}
